
Microsoft Visual Studio Solution File, Format Version 12.00
# Visual Studio Version 17
VisualStudioVersion = 17.0.31903.59
MinimumVisualStudioVersion = 10.0.40219.1
Project("{2150E333-8FDC-42A3-9474-1A3956D46DE8}") = "src", "src", "{827E0CD3-B72D-47B6-A68D-7590B98EB39B}"
EndProject
Project("{FAE04EC0-301F-11D3-BF4B-00C04F79EFBC}") = "OpeningBalance.Web", "src\OpeningBalance.Web\OpeningBalance.Web.csproj", "{4B9BD144-F4D4-49B8-A251-1D373EEE6F61}"
EndProject
Project("{FAE04EC0-301F-11D3-BF4B-00C04F79EFBC}") = "OpeningBalance.Domain", "src\OpeningBalance.Domain\OpeningBalance.Domain.csproj", "{E06B4561-5F00-48C4-82E0-EC6982BCF17B}"
EndProject
Project("{FAE04EC0-301F-11D3-BF4B-00C04F79EFBC}") = "OpeningBalance.Application", "src\OpeningBalance.Application\OpeningBalance.Application.csproj", "{F370DAE6-21DB-4B38-821F-1687970207DB}"
EndProject
Project("{FAE04EC0-301F-11D3-BF4B-00C04F79EFBC}") = "OpeningBalance.Infrastructure", "src\OpeningBalance.Infrastructure\OpeningBalance.Infrastructure.csproj", "{C01A9153-319C-46EA-8047-E1EB5F892C50}"
EndProject
Global
	GlobalSection(SolutionConfigurationPlatforms) = preSolution
		Debug|Any CPU = Debug|Any CPU
		Debug|x64 = Debug|x64
		Debug|x86 = Debug|x86
		Release|Any CPU = Release|Any CPU
		Release|x64 = Release|x64
		Release|x86 = Release|x86
	EndGlobalSection
	GlobalSection(ProjectConfigurationPlatforms) = postSolution
		{4B9BD144-F4D4-49B8-A251-1D373EEE6F61}.Debug|Any CPU.ActiveCfg = Debug|Any CPU
		{4B9BD144-F4D4-49B8-A251-1D373EEE6F61}.Debug|Any CPU.Build.0 = Debug|Any CPU
		{4B9BD144-F4D4-49B8-A251-1D373EEE6F61}.Debug|x64.ActiveCfg = Debug|Any CPU
		{4B9BD144-F4D4-49B8-A251-1D373EEE6F61}.Debug|x64.Build.0 = Debug|Any CPU
		{4B9BD144-F4D4-49B8-A251-1D373EEE6F61}.Debug|x86.ActiveCfg = Debug|Any CPU
		{4B9BD144-F4D4-49B8-A251-1D373EEE6F61}.Debug|x86.Build.0 = Debug|Any CPU
		{4B9BD144-F4D4-49B8-A251-1D373EEE6F61}.Release|Any CPU.ActiveCfg = Release|Any CPU
		{4B9BD144-F4D4-49B8-A251-1D373EEE6F61}.Release|Any CPU.Build.0 = Release|Any CPU
		{4B9BD144-F4D4-49B8-A251-1D373EEE6F61}.Release|x64.ActiveCfg = Release|Any CPU
		{4B9BD144-F4D4-49B8-A251-1D373EEE6F61}.Release|x64.Build.0 = Release|Any CPU
		{4B9BD144-F4D4-49B8-A251-1D373EEE6F61}.Release|x86.ActiveCfg = Release|Any CPU
		{4B9BD144-F4D4-49B8-A251-1D373EEE6F61}.Release|x86.Build.0 = Release|Any CPU
		{E06B4561-5F00-48C4-82E0-EC6982BCF17B}.Debug|Any CPU.ActiveCfg = Debug|Any CPU
		{E06B4561-5F00-48C4-82E0-EC6982BCF17B}.Debug|Any CPU.Build.0 = Debug|Any CPU
		{E06B4561-5F00-48C4-82E0-EC6982BCF17B}.Debug|x64.ActiveCfg = Debug|Any CPU
		{E06B4561-5F00-48C4-82E0-EC6982BCF17B}.Debug|x64.Build.0 = Debug|Any CPU
		{E06B4561-5F00-48C4-82E0-EC6982BCF17B}.Debug|x86.ActiveCfg = Debug|Any CPU
		{E06B4561-5F00-48C4-82E0-EC6982BCF17B}.Debug|x86.Build.0 = Debug|Any CPU
		{E06B4561-5F00-48C4-82E0-EC6982BCF17B}.Release|Any CPU.ActiveCfg = Release|Any CPU
		{E06B4561-5F00-48C4-82E0-EC6982BCF17B}.Release|Any CPU.Build.0 = Release|Any CPU
		{E06B4561-5F00-48C4-82E0-EC6982BCF17B}.Release|x64.ActiveCfg = Release|Any CPU
		{E06B4561-5F00-48C4-82E0-EC6982BCF17B}.Release|x64.Build.0 = Release|Any CPU
		{E06B4561-5F00-48C4-82E0-EC6982BCF17B}.Release|x86.ActiveCfg = Release|Any CPU
		{E06B4561-5F00-48C4-82E0-EC6982BCF17B}.Release|x86.Build.0 = Release|Any CPU
		{F370DAE6-21DB-4B38-821F-1687970207DB}.Debug|Any CPU.ActiveCfg = Debug|Any CPU
		{F370DAE6-21DB-4B38-821F-1687970207DB}.Debug|Any CPU.Build.0 = Debug|Any CPU
		{F370DAE6-21DB-4B38-821F-1687970207DB}.Debug|x64.ActiveCfg = Debug|Any CPU
		{F370DAE6-21DB-4B38-821F-1687970207DB}.Debug|x64.Build.0 = Debug|Any CPU
		{F370DAE6-21DB-4B38-821F-1687970207DB}.Debug|x86.ActiveCfg = Debug|Any CPU
		{F370DAE6-21DB-4B38-821F-1687970207DB}.Debug|x86.Build.0 = Debug|Any CPU
		{F370DAE6-21DB-4B38-821F-1687970207DB}.Release|Any CPU.ActiveCfg = Release|Any CPU
		{F370DAE6-21DB-4B38-821F-1687970207DB}.Release|Any CPU.Build.0 = Release|Any CPU
		{F370DAE6-21DB-4B38-821F-1687970207DB}.Release|x64.ActiveCfg = Release|Any CPU
		{F370DAE6-21DB-4B38-821F-1687970207DB}.Release|x64.Build.0 = Release|Any CPU
		{F370DAE6-21DB-4B38-821F-1687970207DB}.Release|x86.ActiveCfg = Release|Any CPU
		{F370DAE6-21DB-4B38-821F-1687970207DB}.Release|x86.Build.0 = Release|Any CPU
		{C01A9153-319C-46EA-8047-E1EB5F892C50}.Debug|Any CPU.ActiveCfg = Debug|Any CPU
		{C01A9153-319C-46EA-8047-E1EB5F892C50}.Debug|Any CPU.Build.0 = Debug|Any CPU
		{C01A9153-319C-46EA-8047-E1EB5F892C50}.Debug|x64.ActiveCfg = Debug|Any CPU
		{C01A9153-319C-46EA-8047-E1EB5F892C50}.Debug|x64.Build.0 = Debug|Any CPU
		{C01A9153-319C-46EA-8047-E1EB5F892C50}.Debug|x86.ActiveCfg = Debug|Any CPU
		{C01A9153-319C-46EA-8047-E1EB5F892C50}.Debug|x86.Build.0 = Debug|Any CPU
		{C01A9153-319C-46EA-8047-E1EB5F892C50}.Release|Any CPU.ActiveCfg = Release|Any CPU
		{C01A9153-319C-46EA-8047-E1EB5F892C50}.Release|Any CPU.Build.0 = Release|Any CPU
		{C01A9153-319C-46EA-8047-E1EB5F892C50}.Release|x64.ActiveCfg = Release|Any CPU
		{C01A9153-319C-46EA-8047-E1EB5F892C50}.Release|x64.Build.0 = Release|Any CPU
		{C01A9153-319C-46EA-8047-E1EB5F892C50}.Release|x86.ActiveCfg = Release|Any CPU
		{C01A9153-319C-46EA-8047-E1EB5F892C50}.Release|x86.Build.0 = Release|Any CPU
	EndGlobalSection
	GlobalSection(SolutionProperties) = preSolution
		HideSolutionNode = FALSE
	EndGlobalSection
	GlobalSection(NestedProjects) = preSolution
		{4B9BD144-F4D4-49B8-A251-1D373EEE6F61} = {827E0CD3-B72D-47B6-A68D-7590B98EB39B}
		{E06B4561-5F00-48C4-82E0-EC6982BCF17B} = {827E0CD3-B72D-47B6-A68D-7590B98EB39B}
		{F370DAE6-21DB-4B38-821F-1687970207DB} = {827E0CD3-B72D-47B6-A68D-7590B98EB39B}
		{C01A9153-319C-46EA-8047-E1EB5F892C50} = {827E0CD3-B72D-47B6-A68D-7590B98EB39B}
	EndGlobalSection
EndGlobal
